// !$*UTF8*$!
{
	archiveVersion = 1;
	classes = {
	};
	objectVersion = 46;
	objects = {

/* Begin PBXBuildFile section */
		A7788FD41A68DEA600078444 /* AppDelegate.swift in Sources */ = {isa = PBXBuildFile; fileRef = A7788FD31A68DEA600078444 /* AppDelegate.swift */; };
		A7788FD61A68DEA600078444 /* ViewController.swift in Sources */ = {isa = PBXBuildFile; fileRef = A7788FD51A68DEA600078444 /* ViewController.swift */; };
		A7788FD91A68DEA600078444 /* Main.storyboard in Resources */ = {isa = PBXBuildFile; fileRef = A7788FD71A68DEA600078444 /* Main.storyboard */; };
		A7788FDB1A68DEA600078444 /* Images.xcassets in Resources */ = {isa = PBXBuildFile; fileRef = A7788FDA1A68DEA600078444 /* Images.xcassets */; };
		A7788FDE1A68DEA600078444 /* LaunchScreen.xib in Resources */ = {isa = PBXBuildFile; fileRef = A7788FDC1A68DEA600078444 /* LaunchScreen.xib */; };
		A7788FEA1A68DEA600078444 /* Where_Am_ITests.swift in Sources */ = {isa = PBXBuildFile; fileRef = A7788FE91A68DEA600078444 /* Where_Am_ITests.swift */; };
/* End PBXBuildFile section */

/* Begin PBXContainerItemProxy section */
		A7788FE41A68DEA600078444 /* PBXContainerItemProxy */ = {
			isa = PBXContainerItemProxy;
			containerPortal = A7788FC61A68DEA600078444 /* Project object */;
			proxyType = 1;
			remoteGlobalIDString = A7788FCD1A68DEA600078444;
			remoteInfo = "Where Am I";
		};
/* End PBXContainerItemProxy section */

/* Begin PBXFileReference section */
		A7788FCE1A68DEA600078444 /* Where Am I.app */ = {isa = PBXFileReference; explicitFileType = wrapper.application; includeInIndex = 0; path = "Where Am I.app"; sourceTree = BUILT_PRODUCTS_DIR; };
		A7788FD21A68DEA600078444 /* Info.plist */ = {isa = PBXFileReference; lastKnownFileType = text.plist.xml; path = Info.plist; sourceTree = "<group>"; };
		A7788FD31A68DEA600078444 /* AppDelegate.swift */ = {isa = PBXFileReference; lastKnownFileType = sourcecode.swift; path = AppDelegate.swift; sourceTree = "<group>"; };
		A7788FD51A68DEA600078444 /* ViewController.swift */ = {isa = PBXFileReference; lastKnownFileType = sourcecode.swift; path = ViewController.swift; sourceTree = "<group>"; };
		A7788FD81A68DEA600078444 /* Base */ = {isa = PBXFileReference; lastKnownFileType = file.storyboard; name = Base; path = Base.lproj/Main.storyboard; sourceTree = "<group>"; };
		A7788FDA1A68DEA600078444 /* Images.xcassets */ = {isa = PBXFileReference; lastKnownFileType = folder.assetcatalog; path = Images.xcassets; sourceTree = "<group>"; };
		A7788FDD1A68DEA600078444 /* Base */ = {isa = PBXFileReference; lastKnownFileType = file.xib; name = Base; path = Base.lproj/LaunchScreen.xib; sourceTree = "<group>"; };
		A7788FE31A68DEA600078444 /* Where Am ITests.xctest */ = {isa = PBXFileReference; explicitFileType = wrapper.cfbundle; includeInIndex = 0; path = "Where Am ITests.xctest"; sourceTree = BUILT_PRODUCTS_DIR; };
		A7788FE81A68DEA600078444 /* Info.plist */ = {isa = PBXFileReference; lastKnownFileType = text.plist.xml; path = Info.plist; sourceTree = "<group>"; };
		A7788FE91A68DEA600078444 /* Where_Am_ITests.swift */ = {isa = PBXFileReference; lastKnownFileType = sourcecode.swift; path = Where_Am_ITests.swift; sourceTree = "<group>"; };
/* End PBXFileReference section */

/* Begin PBXFrameworksBuildPhase section */
		A7788FCB1A68DEA600078444 /* Frameworks */ = {
			isa = PBXFrameworksBuildPhase;
			buildActionMask = 2147483647;
			files = (
			);
			runOnlyForDeploymentPostprocessing = 0;
		};
		A7788FE01A68DEA600078444 /* Frameworks */ = {
			isa = PBXFrameworksBuildPhase;
			buildActionMask = 2147483647;
			files = (
			);
			runOnlyForDeploymentPostprocessing = 0;
		};
/* End PBXFrameworksBuildPhase section */

/* Begin PBXGroup section */
		A7788FC51A68DEA600078444 = {
			isa = PBXGroup;
			children = (
				A7788FD01A68DEA600078444 /* Where Am I */,
				A7788FE61A68DEA600078444 /* Where Am ITests */,
				A7788FCF1A68DEA600078444 /* Products */,
			);
			sourceTree = "<group>";
		};
		A7788FCF1A68DEA600078444 /* Products */ = {
			isa = PBXGroup;
			children = (
				A7788FCE1A68DEA600078444 /* Where Am I.app */,
				A7788FE31A68DEA600078444 /* Where Am ITests.xctest */,
			);
			name = Products;
			sourceTree = "<group>";
		};
		A7788FD01A68DEA600078444 /* Where Am I */ = {
			isa = PBXGroup;
			children = (
				A7788FD31A68DEA600078444 /* AppDelegate.swift */,
				A7788FD51A68DEA600078444 /* ViewController.swift */,
				A7788FD71A68DEA600078444 /* Main.storyboard */,
				A7788FDA1A68DEA600078444 /* Images.xcassets */,
				A7788FDC1A68DEA600078444 /* LaunchScreen.xib */,
				A7788FD11A68DEA600078444 /* Supporting Files */,
			);
			path = "Where Am I";
			sourceTree = "<group>";
		};
		A7788FD11A68DEA600078444 /* Supporting Files */ = {
			isa = PBXGroup;
			children = (
				A7788FD21A68DEA600078444 /* Info.plist */,
			);
			name = "Supporting Files";
			sourceTree = "<group>";
		};
		A7788FE61A68DEA600078444 /* Where Am ITests */ = {
			isa = PBXGroup;
			children = (
				A7788FE91A68DEA600078444 /* Where_Am_ITests.swift */,
				A7788FE71A68DEA600078444 /* Supporting Files */,
			);
			path = "Where Am ITests";
			sourceTree = "<group>";
		};
		A7788FE71A68DEA600078444 /* Supporting Files */ = {
			isa = PBXGroup;
			children = (
				A7788FE81A68DEA600078444 /* Info.plist */,
			);
			name = "Supporting Files";
			sourceTree = "<group>";
		};
/* End PBXGroup section */

/* Begin PBXNativeTarget section */
		A7788FCD1A68DEA600078444 /* Where Am I */ = {
			isa = PBXNativeTarget;
			buildConfigurationList = A7788FED1A68DEA600078444 /* Build configuration list for PBXNativeTarget "Where Am I" */;
			buildPhases = (
				A7788FCA1A68DEA600078444 /* Sources */,
				A7788FCB1A68DEA600078444 /* Frameworks */,
				A7788FCC1A68DEA600078444 /* Resources */,
			);
			buildRules = (
			);
			dependencies = (
			);
			name = "Where Am I";
			productName = "Where Am I";
			productReference = A7788FCE1A68DEA600078444 /* Where Am I.app */;
			productType = "com.apple.product-type.application";
		};
		A7788FE21A68DEA600078444 /* Where Am ITests */ = {
			isa = PBXNativeTarget;
			buildConfigurationList = A7788FF01A68DEA600078444 /* Build configuration list for PBXNativeTarget "Where Am ITests" */;
			buildPhases = (
				A7788FDF1A68DEA600078444 /* Sources */,
				A7788FE01A68DEA600078444 /* Frameworks */,
				A7788FE11A68DEA600078444 /* Resources */,
			);
			buildRules = (
			);
			dependencies = (
				A7788FE51A68DEA600078444 /* PBXTargetDependency */,
			);
			name = "Where Am ITests";
			productName = "Where Am ITests";
			productReference = A7788FE31A68DEA600078444 /* Where Am ITests.xctest */;
			productType = "com.apple.product-type.bundle.unit-test";
		};
/* End PBXNativeTarget section */

/* Begin PBXProject section */
		A7788FC61A68DEA600078444 /* Project object */ = {
			isa = PBXProject;
			attributes = {
				LastUpgradeCheck = 0610;
				ORGANIZATIONNAME = Yosemite;
				TargetAttributes = {
					A7788FCD1A68DEA600078444 = {
						CreatedOnToolsVersion = 6.1.1;
					};
					A7788FE21A68DEA600078444 = {
						CreatedOnToolsVersion = 6.1.1;
						TestTargetID = A7788FCD1A68DEA600078444;
					};
				};
			};
			buildConfigurationList = A7788FC91A68DEA600078444 /* Build configuration list for PBXProject "Where Am I" */;
			compatibilityVersion = "Xcode 3.2";
			developmentRegion = English;
			hasScannedForEncodings = 0;
			knownRegions = (
				en,
				Base,
			);
			mainGroup = A7788FC51A68DEA600078444;
			productRefGroup = A7788FCF1A68DEA600078444 /* Products */;
			projectDirPath = "";
			projectRoot = "";
			targets = (
				A7788FCD1A68DEA600078444 /* Where Am I */,
				A7788FE21A68DEA600078444 /* Where Am ITests */,
			);
		};
/* End PBXProject section */

/* Begin PBXResourcesBuildPhase section */
		A7788FCC1A68DEA600078444 /* Resources */ = {
			isa = PBXResourcesBuildPhase;
			buildActionMask = 2147483647;
			files = (
				A7788FD91A68DEA600078444 /* Main.storyboard in Resources */,
				A7788FDE1A68DEA600078444 /* LaunchScreen.xib in Resources */,
				A7788FDB1A68DEA600078444 /* Images.xcassets in Resources */,
			);
			runOnlyForDeploymentPostprocessing = 0;
		};
		A7788FE11A68DEA600078444 /* Resources */ = {
			isa = PBXResourcesBuildPhase;
			buildActionMask = 2147483647;
			files = (
			);
			runOnlyForDeploymentPostprocessing = 0;
		};
/* End PBXResourcesBuildPhase section */

/* Begin PBXSourcesBuildPhase section */
		A7788FCA1A68DEA600078444 /* Sources */ = {
			isa = PBXSourcesBuildPhase;
			buildActionMask = 2147483647;
			files = (
				A7788FD61A68DEA600078444 /* ViewController.swift in Sources */,
				A7788FD41A68DEA600078444 /* AppDelegate.swift in Sources */,
			);
			runOnlyForDeploymentPostprocessing = 0;
		};
		A7788FDF1A68DEA600078444 /* Sources */ = {
			isa = PBXSourcesBuildPhase;
			buildActionMask = 2147483647;
			files = (
				A7788FEA1A68DEA600078444 /* Where_Am_ITests.swift in Sources */,
			);
			runOnlyForDeploymentPostprocessing = 0;
		};
/* End PBXSourcesBuildPhase section */

/* Begin PBXTargetDependency section */
		A7788FE51A68DEA600078444 /* PBXTargetDependency */ = {
			isa = PBXTargetDependency;
			target = A7788FCD1A68DEA600078444 /* Where Am I */;
			targetProxy = A7788FE41A68DEA600078444 /* PBXContainerItemProxy */;
		};
/* End PBXTargetDependency section */

/* Begin PBXVariantGroup section */
		A7788FD71A68DEA600078444 /* Main.storyboard */ = {
			isa = PBXVariantGroup;
			children = (
				A7788FD81A68DEA600078444 /* Base */,
			);
			name = Main.storyboard;
			sourceTree = "<group>";
		};
		A7788FDC1A68DEA600078444 /* LaunchScreen.xib */ = {
			isa = PBXVariantGroup;
			children = (
				A7788FDD1A68DEA600078444 /* Base */,
			);
			name = LaunchScreen.xib;
			sourceTree = "<group>";
		};
/* End PBXVariantGroup section */

/* Begin XCBuildConfiguration section */
		A7788FEB1A68DEA600078444 /* Debug */ = {
			isa = XCBuildConfiguration;
			buildSettings = {
				ALWAYS_SEARCH_USER_PATHS = NO;
				CLANG_CXX_LANGUAGE_STANDARD = "gnu++0x";
				CLANG_CXX_LIBRARY = "libc++";
				CLANG_ENABLE_MODULES = YES;
				CLANG_ENABLE_OBJC_ARC = YES;
				CLANG_WARN_BOOL_CONVERSION = YES;
				CLANG_WARN_CONSTANT_CONVERSION = YES;
				CLANG_WARN_DIRECT_OBJC_ISA_USAGE = YES_ERROR;
				CLANG_WARN_EMPTY_BODY = YES;
				CLANG_WARN_ENUM_CONVERSION = YES;
				CLANG_WARN_INT_CONVERSION = YES;
				CLANG_WARN_OBJC_ROOT_CLASS = YES_ERROR;
				CLANG_WARN_UNREACHABLE_CODE = YES;
				CLANG_WARN__DUPLICATE_METHOD_MATCH = YES;
				"CODE_SIGN_IDENTITY[sdk=iphoneos*]" = "iPhone Developer";
				COPY_PHASE_STRIP = NO;
				ENABLE_STRICT_OBJC_MSGSEND = YES;
				GCC_C_LANGUAGE_STANDARD = gnu99;
				GCC_DYNAMIC_NO_PIC = NO;
				GCC_OPTIMIZATION_LEVEL = 0;
				GCC_PREPROCESSOR_DEFINITIONS = (
					"DEBUG=1",
					"$(inherited)",
				);
				GCC_SYMBOLS_PRIVATE_EXTERN = NO;
				GCC_WARN_64_TO_32_BIT_CONVERSION = YES;
				GCC_WARN_ABOUT_RETURN_TYPE = YES_ERROR;
				GCC_WARN_UNDECLARED_SELECTOR = YES;
				GCC_WARN_UNINITIALIZED_AUTOS = YES_AGGRESSIVE;
				GCC_WARN_UNUSED_FUNCTION = YES;
				GCC_WARN_UNUSED_VARIABLE = YES;
				IPHONEOS_DEPLOYMENT_TARGET = 8.1;
				MTL_ENABLE_DEBUG_INFO = YES;
				ONLY_ACTIVE_ARCH = YES;
				SDKROOT = iphoneos;
				SWIFT_OPTIMIZATION_LEVEL = "-Onone";
			};
			name = Debug;
		};
		A7788FEC1A68DEA600078444 /* Release */ = {
			isa = XCBuildConfiguration;
			buildSettings = {
				ALWAYS_SEARCH_USER_PATHS = NO;
				CLANG_CXX_LANGUAGE_STANDARD = "gnu++0x";
				CLANG_CXX_LIBRARY = "libc++";
				CLANG_ENABLE_MODULES = YES;
				CLANG_ENABLE_OBJC_ARC = YES;
				CLANG_WARN_BOOL_CONVERSION = YES;
				CLANG_WARN_CONSTANT_CONVERSION = YES;
				CLANG_WARN_DIRECT_OBJC_ISA_USAGE = YES_ERROR;
				CLANG_WARN_EMPTY_BODY = YES;
				CLANG_WARN_ENUM_CONVERSION = YES;
				CLANG_WARN_INT_CONVERSION = YES;
				CLANG_WARN_OBJC_ROOT_CLASS = YES_ERROR;
				CLANG_WARN_UNREACHABLE_CODE = YES;
				CLANG_WARN__DUPLICATE_METHOD_MATCH = YES;
				"CODE_SIGN_IDENTITY[sdk=iphoneos*]" = "iPhone Developer";
				COPY_PHASE_STRIP = YES;
				ENABLE_NS_ASSERTIONS = NO;
				ENABLE_STRICT_OBJC_MSGSEND = YES;
				GCC_C_LANGUAGE_STANDARD = gnu99;
				GCC_WARN_64_TO_32_BIT_CONVERSION = YES;
				GCC_WARN_ABOUT_RETURN_TYPE = YES_ERROR;
				GCC_WARN_UNDECLARED_SELECTOR = YES;
				GCC_WARN_UNINITIALIZED_AUTOS = YES_AGGRESSIVE;
				GCC_WARN_UNUSED_FUNCTION = YES;
				GCC_WARN_UNUSED_VARIABLE = YES;
				IPHONEOS_DEPLOYMENT_TARGET = 8.1;
				MTL_ENABLE_DEBUG_INFO = NO;
				SDKROOT = iphoneos;
				VALIDATE_PRODUCT = YES;
			};
			name = Release;
		};
		A7788FEE1A68DEA600078444 /* Debug */ = {
			isa = XCBuildConfiguration;
			buildSettings = {
				ASSETCATALOG_COMPILER_APPICON_NAME = AppIcon;
				INFOPLIST_FILE = "Where Am I/Info.plist";
				LD_RUNPATH_SEARCH_PATHS = "$(inherited) @executable_path/Frameworks";
				PRODUCT_NAME = "$(TARGET_NAME)";
			};
			name = Debug;
		};
		A7788FEF1A68DEA600078444 /* Release */ = {
			isa = XCBuildConfiguration;
			buildSettings = {
				ASSETCATALOG_COMPILER_APPICON_NAME = AppIcon;
				INFOPLIST_FILE = "Where Am I/Info.plist";
				LD_RUNPATH_SEARCH_PATHS = "$(inherited) @executable_path/Frameworks";
				PRODUCT_NAME = "$(TARGET_NAME)";
			};
			name = Release;
		};
		A7788FF11A68DEA600078444 /* Debug */ = {
			isa = XCBuildConfiguration;
			buildSettings = {
				BUNDLE_LOADER = "$(TEST_HOST)";
				FRAMEWORK_SEARCH_PATHS = (
					"$(SDKROOT)/Developer/Library/Frameworks",
					"$(inherited)",
				);
				GCC_PREPROCESSOR_DEFINITIONS = (
					"DEBUG=1",
					"$(inherited)",
				);
				INFOPLIST_FILE = "Where Am ITests/Info.plist";
				LD_RUNPATH_SEARCH_PATHS = "$(inherited) @executable_path/Frameworks @loader_path/Frameworks";
				PRODUCT_NAME = "$(TARGET_NAME)";
				TEST_HOST = "$(BUILT_PRODUCTS_DIR)/Where Am I.app/Where Am I";
			};
			name = Debug;
		};
		A7788FF21A68DEA600078444 /* Release */ = {
			isa = XCBuildConfiguration;
			buildSettings = {
				BUNDLE_LOADER = "$(TEST_HOST)";
				FRAMEWORK_SEARCH_PATHS = (
					"$(SDKROOT)/Developer/Library/Frameworks",
					"$(inherited)",
				);
				INFOPLIST_FILE = "Where Am ITests/Info.plist";
				LD_RUNPATH_SEARCH_PATHS = "$(inherited) @executable_path/Frameworks @loader_path/Frameworks";
				PRODUCT_NAME = "$(TARGET_NAME)";
				TEST_HOST = "$(BUILT_PRODUCTS_DIR)/Where Am I.app/Where Am I";
			};
			name = Release;
		};
/* End XCBuildConfiguration section */

/* Begin XCConfigurationList section */
		A7788FC91A68DEA600078444 /* Build configuration list for PBXProject "Where Am I" */ = {
			isa = XCConfigurationList;
			buildConfigurations = (
				A7788FEB1A68DEA600078444 /* Debug */,
				A7788FEC1A68DEA600078444 /* Release */,
			);
			defaultConfigurationIsVisible = 0;
			defaultConfigurationName = Release;
		};
		A7788FED1A68DEA600078444 /* Build configuration list for PBXNativeTarget "Where Am I" */ = {
			isa = XCConfigurationList;
			buildConfigurations = (
				A7788FEE1A68DEA600078444 /* Debug */,
				A7788FEF1A68DEA600078444 /* Release */,
			);
			defaultConfigurationIsVisible = 0;
		};
		A7788FF01A68DEA600078444 /* Build configuration list for PBXNativeTarget "Where Am ITests" */ = {
			isa = XCConfigurationList;
			buildConfigurations = (
				A7788FF11A68DEA600078444 /* Debug */,
				A7788FF21A68DEA600078444 /* Release */,
			);
			defaultConfigurationIsVisible = 0;
		};
/* End XCConfigurationList section */
	};
	rootObject = A7788FC61A68DEA600078444 /* Project object */;
}
